// !$*UTF8*$!
{
	archiveVersion = 1;
	classes = {
	};
	objectVersion = 46;
	objects = {

/* Begin PBXBuildFile section */
		EA26776A1F46CE27002A9EB1 /* DownloaderObject.m in Sources */ = {isa = PBXBuildFile; fileRef = EA2677691F46CE27002A9EB1 /* DownloaderObject.m */; };
		EA26776D1F46D03A002A9EB1 /* DownloadManager.m in Sources */ = {isa = PBXBuildFile; fileRef = EA26776C1F46D03A002A9EB1 /* DownloadManager.m */; };
		EA2677701F46DDE6002A9EB1 /* NetWorkViewController.m in Sources */ = {isa = PBXBuildFile; fileRef = EA26776F1F46DDE6002A9EB1 /* NetWorkViewController.m */; };
		EA2AC00A1F458A2E004CAF71 /* main.m in Sources */ = {isa = PBXBuildFile; fileRef = EA2AC0091F458A2E004CAF71 /* main.m */; };
		EA2AC00D1F458A2E004CAF71 /* AppDelegate.m in Sources */ = {isa = PBXBuildFile; fileRef = EA2AC00C1F458A2E004CAF71 /* AppDelegate.m */; };
		EA2AC0101F458A2E004CAF71 /* ViewController.m in Sources */ = {isa = PBXBuildFile; fileRef = EA2AC00F1F458A2E004CAF71 /* ViewController.m */; };
		EA2AC0131F458A2E004CAF71 /* Main.storyboard in Resources */ = {isa = PBXBuildFile; fileRef = EA2AC0111F458A2E004CAF71 /* Main.storyboard */; };
		EA2AC0151F458A2E004CAF71 /* Assets.xcassets in Resources */ = {isa = PBXBuildFile; fileRef = EA2AC0141F458A2E004CAF71 /* Assets.xcassets */; };
		EA2AC0181F458A2E004CAF71 /* LaunchScreen.storyboard in Resources */ = {isa = PBXBuildFile; fileRef = EA2AC0161F458A2E004CAF71 /* LaunchScreen.storyboard */; };
		EA2AC0231F458A2E004CAF71 /* NetWorkingTests.m in Sources */ = {isa = PBXBuildFile; fileRef = EA2AC0221F458A2E004CAF71 /* NetWorkingTests.m */; };
		EA2AC02E1F458A2E004CAF71 /* NetWorkingUITests.m in Sources */ = {isa = PBXBuildFile; fileRef = EA2AC02D1F458A2E004CAF71 /* NetWorkingUITests.m */; };
		EA2AC03D1F45A012004CAF71 /* ProgressTableViewCell.m in Sources */ = {isa = PBXBuildFile; fileRef = EA2AC03C1F45A012004CAF71 /* ProgressTableViewCell.m */; };
		EA7692421F4AE57B00F53247 /* testViewController.m in Sources */ = {isa = PBXBuildFile; fileRef = EA7692411F4AE57B00F53247 /* testViewController.m */; };
		EA7692461F4AFB9D00F53247 /* TETViewController.m in Sources */ = {isa = PBXBuildFile; fileRef = EA7692451F4AFB9D00F53247 /* TETViewController.m */; };
		EA7692491F4AFC1D00F53247 /* FileDownloadInfo.m in Sources */ = {isa = PBXBuildFile; fileRef = EA7692481F4AFC1D00F53247 /* FileDownloadInfo.m */; };
		EAE80F21AE6DCCA78BFDE1A2 /* Pods_NetWorking.framework in Frameworks */ = {isa = PBXBuildFile; fileRef = D04F4CD5162D87E8CBFC598D /* Pods_NetWorking.framework */; };
/* End PBXBuildFile section */

/* Begin PBXContainerItemProxy section */
		EA2AC01F1F458A2E004CAF71 /* PBXContainerItemProxy */ = {
			isa = PBXContainerItemProxy;
			containerPortal = EA2ABFFD1F458A2E004CAF71 /* Project object */;
			proxyType = 1;
			remoteGlobalIDString = EA2AC0041F458A2E004CAF71;
			remoteInfo = NetWorking;
		};
		EA2AC02A1F458A2E004CAF71 /* PBXContainerItemProxy */ = {
			isa = PBXContainerItemProxy;
			containerPortal = EA2ABFFD1F458A2E004CAF71 /* Project object */;
			proxyType = 1;
			remoteGlobalIDString = EA2AC0041F458A2E004CAF71;
			remoteInfo = NetWorking;
		};
/* End PBXContainerItemProxy section */

/* Begin PBXFileReference section */
		7966304135511E53292F8E21 /* Pods-NetWorking.release.xcconfig */ = {isa = PBXFileReference; includeInIndex = 1; lastKnownFileType = text.xcconfig; name = "Pods-NetWorking.release.xcconfig"; path = "Pods/Target Support Files/Pods-NetWorking/Pods-NetWorking.release.xcconfig"; sourceTree = "<group>"; };
		D04F4CD5162D87E8CBFC598D /* Pods_NetWorking.framework */ = {isa = PBXFileReference; explicitFileType = wrapper.framework; includeInIndex = 0; path = Pods_NetWorking.framework; sourceTree = BUILT_PRODUCTS_DIR; };
		EA2677681F46CE27002A9EB1 /* DownloaderObject.h */ = {isa = PBXFileReference; fileEncoding = 4; lastKnownFileType = sourcecode.c.h; path = DownloaderObject.h; sourceTree = "<group>"; };
		EA2677691F46CE27002A9EB1 /* DownloaderObject.m */ = {isa = PBXFileReference; fileEncoding = 4; lastKnownFileType = sourcecode.c.objc; path = DownloaderObject.m; sourceTree = "<group>"; };
		EA26776B1F46D03A002A9EB1 /* DownloadManager.h */ = {isa = PBXFileReference; fileEncoding = 4; lastKnownFileType = sourcecode.c.h; path = DownloadManager.h; sourceTree = "<group>"; };
		EA26776C1F46D03A002A9EB1 /* DownloadManager.m */ = {isa = PBXFileReference; fileEncoding = 4; lastKnownFileType = sourcecode.c.objc; path = DownloadManager.m; sourceTree = "<group>"; };
		EA26776E1F46DDE6002A9EB1 /* NetWorkViewController.h */ = {isa = PBXFileReference; fileEncoding = 4; lastKnownFileType = sourcecode.c.h; path = NetWorkViewController.h; sourceTree = "<group>"; };
		EA26776F1F46DDE6002A9EB1 /* NetWorkViewController.m */ = {isa = PBXFileReference; fileEncoding = 4; lastKnownFileType = sourcecode.c.objc; path = NetWorkViewController.m; sourceTree = "<group>"; };
		EA2AC0051F458A2E004CAF71 /* NetWorking.app */ = {isa = PBXFileReference; explicitFileType = wrapper.application; includeInIndex = 0; path = NetWorking.app; sourceTree = BUILT_PRODUCTS_DIR; };
		EA2AC0091F458A2E004CAF71 /* main.m */ = {isa = PBXFileReference; lastKnownFileType = sourcecode.c.objc; path = main.m; sourceTree = "<group>"; };
		EA2AC00B1F458A2E004CAF71 /* AppDelegate.h */ = {isa = PBXFileReference; lastKnownFileType = sourcecode.c.h; path = AppDelegate.h; sourceTree = "<group>"; };
		EA2AC00C1F458A2E004CAF71 /* AppDelegate.m */ = {isa = PBXFileReference; lastKnownFileType = sourcecode.c.objc; path = AppDelegate.m; sourceTree = "<group>"; };
		EA2AC00E1F458A2E004CAF71 /* ViewController.h */ = {isa = PBXFileReference; lastKnownFileType = sourcecode.c.h; path = ViewController.h; sourceTree = "<group>"; };
		EA2AC00F1F458A2E004CAF71 /* ViewController.m */ = {isa = PBXFileReference; lastKnownFileType = sourcecode.c.objc; path = ViewController.m; sourceTree = "<group>"; };
		EA2AC0121F458A2E004CAF71 /* Base */ = {isa = PBXFileReference; lastKnownFileType = file.storyboard; name = Base; path = Base.lproj/Main.storyboard; sourceTree = "<group>"; };
		EA2AC0141F458A2E004CAF71 /* Assets.xcassets */ = {isa = PBXFileReference; lastKnownFileType = folder.assetcatalog; path = Assets.xcassets; sourceTree = "<group>"; };
		EA2AC0171F458A2E004CAF71 /* Base */ = {isa = PBXFileReference; lastKnownFileType = file.storyboard; name = Base; path = Base.lproj/LaunchScreen.storyboard; sourceTree = "<group>"; };
		EA2AC0191F458A2E004CAF71 /* Info.plist */ = {isa = PBXFileReference; lastKnownFileType = text.plist.xml; path = Info.plist; sourceTree = "<group>"; };
		EA2AC01E1F458A2E004CAF71 /* NetWorkingTests.xctest */ = {isa = PBXFileReference; explicitFileType = wrapper.cfbundle; includeInIndex = 0; path = NetWorkingTests.xctest; sourceTree = BUILT_PRODUCTS_DIR; };
		EA2AC0221F458A2E004CAF71 /* NetWorkingTests.m */ = {isa = PBXFileReference; lastKnownFileType = sourcecode.c.objc; path = NetWorkingTests.m; sourceTree = "<group>"; };
		EA2AC0241F458A2E004CAF71 /* Info.plist */ = {isa = PBXFileReference; lastKnownFileType = text.plist.xml; path = Info.plist; sourceTree = "<group>"; };
		EA2AC0291F458A2E004CAF71 /* NetWorkingUITests.xctest */ = {isa = PBXFileReference; explicitFileType = wrapper.cfbundle; includeInIndex = 0; path = NetWorkingUITests.xctest; sourceTree = BUILT_PRODUCTS_DIR; };
		EA2AC02D1F458A2E004CAF71 /* NetWorkingUITests.m */ = {isa = PBXFileReference; lastKnownFileType = sourcecode.c.objc; path = NetWorkingUITests.m; sourceTree = "<group>"; };
		EA2AC02F1F458A2E004CAF71 /* Info.plist */ = {isa = PBXFileReference; lastKnownFileType = text.plist.xml; path = Info.plist; sourceTree = "<group>"; };
		EA2AC03B1F45A012004CAF71 /* ProgressTableViewCell.h */ = {isa = PBXFileReference; fileEncoding = 4; lastKnownFileType = sourcecode.c.h; path = ProgressTableViewCell.h; sourceTree = "<group>"; };
		EA2AC03C1F45A012004CAF71 /* ProgressTableViewCell.m */ = {isa = PBXFileReference; fileEncoding = 4; lastKnownFileType = sourcecode.c.objc; path = ProgressTableViewCell.m; sourceTree = "<group>"; };
		EA76923F1F4A85D800F53247 /* TabbleCellDelegate.h */ = {isa = PBXFileReference; lastKnownFileType = sourcecode.c.h; path = TabbleCellDelegate.h; sourceTree = "<group>"; };
		EA7692401F4AE57B00F53247 /* testViewController.h */ = {isa = PBXFileReference; fileEncoding = 4; lastKnownFileType = sourcecode.c.h; path = testViewController.h; sourceTree = "<group>"; };
		EA7692411F4AE57B00F53247 /* testViewController.m */ = {isa = PBXFileReference; fileEncoding = 4; lastKnownFileType = sourcecode.c.objc; path = testViewController.m; sourceTree = "<group>"; };
		EA7692441F4AFB9D00F53247 /* TETViewController.h */ = {isa = PBXFileReference; fileEncoding = 4; lastKnownFileType = sourcecode.c.h; path = TETViewController.h; sourceTree = "<group>"; };
		EA7692451F4AFB9D00F53247 /* TETViewController.m */ = {isa = PBXFileReference; fileEncoding = 4; lastKnownFileType = sourcecode.c.objc; path = TETViewController.m; sourceTree = "<group>"; };
		EA7692471F4AFC1D00F53247 /* FileDownloadInfo.h */ = {isa = PBXFileReference; fileEncoding = 4; lastKnownFileType = sourcecode.c.h; path = FileDownloadInfo.h; sourceTree = "<group>"; };
		EA7692481F4AFC1D00F53247 /* FileDownloadInfo.m */ = {isa = PBXFileReference; fileEncoding = 4; lastKnownFileType = sourcecode.c.objc; path = FileDownloadInfo.m; sourceTree = "<group>"; };
		FB9E83464DCF7AC772E8F5EE /* Pods-NetWorking.debug.xcconfig */ = {isa = PBXFileReference; includeInIndex = 1; lastKnownFileType = text.xcconfig; name = "Pods-NetWorking.debug.xcconfig"; path = "Pods/Target Support Files/Pods-NetWorking/Pods-NetWorking.debug.xcconfig"; sourceTree = "<group>"; };
/* End PBXFileReference section */

/* Begin PBXFrameworksBuildPhase section */
		EA2AC0021F458A2E004CAF71 /* Frameworks */ = {
			isa = PBXFrameworksBuildPhase;
			buildActionMask = 2147483647;
			files = (
				EAE80F21AE6DCCA78BFDE1A2 /* Pods_NetWorking.framework in Frameworks */,
			);
			runOnlyForDeploymentPostprocessing = 0;
		};
		EA2AC01B1F458A2E004CAF71 /* Frameworks */ = {
			isa = PBXFrameworksBuildPhase;
			buildActionMask = 2147483647;
			files = (
			);
			runOnlyForDeploymentPostprocessing = 0;
		};
		EA2AC0261F458A2E004CAF71 /* Frameworks */ = {
			isa = PBXFrameworksBuildPhase;
			buildActionMask = 2147483647;
			files = (
			);
			runOnlyForDeploymentPostprocessing = 0;
		};
/* End PBXFrameworksBuildPhase section */

/* Begin PBXGroup section */
		52D2264A458E4180FC450DEE /* Pods */ = {
			isa = PBXGroup;
			children = (
				FB9E83464DCF7AC772E8F5EE /* Pods-NetWorking.debug.xcconfig */,
				7966304135511E53292F8E21 /* Pods-NetWorking.release.xcconfig */,
			);
			name = Pods;
			sourceTree = "<group>";
		};
		CF46408DD9E3CBC04D600720 /* Frameworks */ = {
			isa = PBXGroup;
			children = (
				D04F4CD5162D87E8CBFC598D /* Pods_NetWorking.framework */,
			);
			name = Frameworks;
			sourceTree = "<group>";
		};
		EA2677671F46CDE2002A9EB1 /* Models */ = {
			isa = PBXGroup;
			children = (
				EA2677681F46CE27002A9EB1 /* DownloaderObject.h */,
				EA2677691F46CE27002A9EB1 /* DownloaderObject.m */,
				EA26776B1F46D03A002A9EB1 /* DownloadManager.h */,
				EA26776C1F46D03A002A9EB1 /* DownloadManager.m */,
			);
			name = Models;
			sourceTree = "<group>";
		};
		EA2ABFFC1F458A2E004CAF71 = {
			isa = PBXGroup;
			children = (
				EA2AC0071F458A2E004CAF71 /* NetWorking */,
				EA2AC0211F458A2E004CAF71 /* NetWorkingTests */,
				EA2AC02C1F458A2E004CAF71 /* NetWorkingUITests */,
				EA2AC0061F458A2E004CAF71 /* Products */,
				52D2264A458E4180FC450DEE /* Pods */,
				CF46408DD9E3CBC04D600720 /* Frameworks */,
			);
			sourceTree = "<group>";
		};
		EA2AC0061F458A2E004CAF71 /* Products */ = {
			isa = PBXGroup;
			children = (
				EA2AC0051F458A2E004CAF71 /* NetWorking.app */,
				EA2AC01E1F458A2E004CAF71 /* NetWorkingTests.xctest */,
				EA2AC0291F458A2E004CAF71 /* NetWorkingUITests.xctest */,
			);
			name = Products;
			sourceTree = "<group>";
		};
		EA2AC0071F458A2E004CAF71 /* NetWorking */ = {
			isa = PBXGroup;
			children = (
				EA7692431F4AFB8800F53247 /* New Group */,
				EA76923E1F4A85AC00F53247 /* Delegate */,
				EA2677671F46CDE2002A9EB1 /* Models */,
				EA2AC03B1F45A012004CAF71 /* ProgressTableViewCell.h */,
				EA2AC03C1F45A012004CAF71 /* ProgressTableViewCell.m */,
				EA2AC00E1F458A2E004CAF71 /* ViewController.h */,
				EA2AC00F1F458A2E004CAF71 /* ViewController.m */,
				EA26776E1F46DDE6002A9EB1 /* NetWorkViewController.h */,
				EA26776F1F46DDE6002A9EB1 /* NetWorkViewController.m */,
				EA2AC0111F458A2E004CAF71 /* Main.storyboard */,
				EA2AC0141F458A2E004CAF71 /* Assets.xcassets */,
				EA2AC0161F458A2E004CAF71 /* LaunchScreen.storyboard */,
				EA2AC0191F458A2E004CAF71 /* Info.plist */,
				EA2AC0081F458A2E004CAF71 /* Supporting Files */,
				EA7692401F4AE57B00F53247 /* testViewController.h */,
				EA7692411F4AE57B00F53247 /* testViewController.m */,
			);
			path = NetWorking;
			sourceTree = "<group>";
		};
		EA2AC0081F458A2E004CAF71 /* Supporting Files */ = {
			isa = PBXGroup;
			children = (
				EA2AC0091F458A2E004CAF71 /* main.m */,
			);
			name = "Supporting Files";
			sourceTree = "<group>";
		};
		EA2AC0211F458A2E004CAF71 /* NetWorkingTests */ = {
			isa = PBXGroup;
			children = (
				EA2AC0221F458A2E004CAF71 /* NetWorkingTests.m */,
				EA2AC0241F458A2E004CAF71 /* Info.plist */,
			);
			path = NetWorkingTests;
			sourceTree = "<group>";
		};
		EA2AC02C1F458A2E004CAF71 /* NetWorkingUITests */ = {
			isa = PBXGroup;
			children = (
				EA2AC02D1F458A2E004CAF71 /* NetWorkingUITests.m */,
				EA2AC02F1F458A2E004CAF71 /* Info.plist */,
			);
			path = NetWorkingUITests;
			sourceTree = "<group>";
		};
		EA76923E1F4A85AC00F53247 /* Delegate */ = {
			isa = PBXGroup;
			children = (
				EA2AC00B1F458A2E004CAF71 /* AppDelegate.h */,
				EA2AC00C1F458A2E004CAF71 /* AppDelegate.m */,
				EA76923F1F4A85D800F53247 /* TabbleCellDelegate.h */,
			);
			name = Delegate;
			sourceTree = "<group>";
		};
		EA7692431F4AFB8800F53247 /* New Group */ = {
			isa = PBXGroup;
			children = (
				EA7692441F4AFB9D00F53247 /* TETViewController.h */,
				EA7692451F4AFB9D00F53247 /* TETViewController.m */,
				EA7692471F4AFC1D00F53247 /* FileDownloadInfo.h */,
				EA7692481F4AFC1D00F53247 /* FileDownloadInfo.m */,
			);
			name = "New Group";
			sourceTree = "<group>";
		};
/* End PBXGroup section */

/* Begin PBXNativeTarget section */
		EA2AC0041F458A2E004CAF71 /* NetWorking */ = {
			isa = PBXNativeTarget;
			buildConfigurationList = EA2AC0321F458A2E004CAF71 /* Build configuration list for PBXNativeTarget "NetWorking" */;
			buildPhases = (
				2A5E32EA231B0FB56A9C90B3 /* [CP] Check Pods Manifest.lock */,
				EA2AC0011F458A2E004CAF71 /* Sources */,
				EA2AC0021F458A2E004CAF71 /* Frameworks */,
				EA2AC0031F458A2E004CAF71 /* Resources */,
				A13ABB6161C18B2431AD1EC7 /* [CP] Embed Pods Frameworks */,
				7FB359F355F6F6B326AA3C83 /* [CP] Copy Pods Resources */,
			);
			buildRules = (
			);
			dependencies = (
			);
			name = NetWorking;
			productName = NetWorking;
			productReference = EA2AC0051F458A2E004CAF71 /* NetWorking.app */;
			productType = "com.apple.product-type.application";
		};
		EA2AC01D1F458A2E004CAF71 /* NetWorkingTests */ = {
			isa = PBXNativeTarget;
			buildConfigurationList = EA2AC0351F458A2E004CAF71 /* Build configuration list for PBXNativeTarget "NetWorkingTests" */;
			buildPhases = (
				EA2AC01A1F458A2E004CAF71 /* Sources */,
				EA2AC01B1F458A2E004CAF71 /* Frameworks */,
				EA2AC01C1F458A2E004CAF71 /* Resources */,
			);
			buildRules = (
			);
			dependencies = (
				EA2AC0201F458A2E004CAF71 /* PBXTargetDependency */,
			);
			name = NetWorkingTests;
			productName = NetWorkingTests;
			productReference = EA2AC01E1F458A2E004CAF71 /* NetWorkingTests.xctest */;
			productType = "com.apple.product-type.bundle.unit-test";
		};
		EA2AC0281F458A2E004CAF71 /* NetWorkingUITests */ = {
			isa = PBXNativeTarget;
			buildConfigurationList = EA2AC0381F458A2E004CAF71 /* Build configuration list for PBXNativeTarget "NetWorkingUITests" */;
			buildPhases = (
				EA2AC0251F458A2E004CAF71 /* Sources */,
				EA2AC0261F458A2E004CAF71 /* Frameworks */,
				EA2AC0271F458A2E004CAF71 /* Resources */,
			);
			buildRules = (
			);
			dependencies = (
				EA2AC02B1F458A2E004CAF71 /* PBXTargetDependency */,
			);
			name = NetWorkingUITests;
			productName = NetWorkingUITests;
			productReference = EA2AC0291F458A2E004CAF71 /* NetWorkingUITests.xctest */;
			productType = "com.apple.product-type.bundle.ui-testing";
		};
/* End PBXNativeTarget section */

/* Begin PBXProject section */
		EA2ABFFD1F458A2E004CAF71 /* Project object */ = {
			isa = PBXProject;
			attributes = {
				LastUpgradeCheck = 0830;
				ORGANIZATIONNAME = "Doan Van Vu";
				TargetAttributes = {
					EA2AC0041F458A2E004CAF71 = {
						CreatedOnToolsVersion = 8.3.3;
						DevelopmentTeam = X2HJQ2687F;
						ProvisioningStyle = Automatic;
						SystemCapabilities = {
							com.apple.BackgroundModes = {
								enabled = 1;
							};
						};
					};
					EA2AC01D1F458A2E004CAF71 = {
						CreatedOnToolsVersion = 8.3.3;
						ProvisioningStyle = Automatic;
						TestTargetID = EA2AC0041F458A2E004CAF71;
					};
					EA2AC0281F458A2E004CAF71 = {
						CreatedOnToolsVersion = 8.3.3;
						ProvisioningStyle = Automatic;
						TestTargetID = EA2AC0041F458A2E004CAF71;
					};
				};
			};
			buildConfigurationList = EA2AC0001F458A2E004CAF71 /* Build configuration list for PBXProject "NetWorking" */;
			compatibilityVersion = "Xcode 3.2";
			developmentRegion = English;
			hasScannedForEncodings = 0;
			knownRegions = (
				en,
				Base,
			);
			mainGroup = EA2ABFFC1F458A2E004CAF71;
			productRefGroup = EA2AC0061F458A2E004CAF71 /* Products */;
			projectDirPath = "";
			projectRoot = "";
			targets = (
				EA2AC0041F458A2E004CAF71 /* NetWorking */,
				EA2AC01D1F458A2E004CAF71 /* NetWorkingTests */,
				EA2AC0281F458A2E004CAF71 /* NetWorkingUITests */,
			);
		};
/* End PBXProject section */

/* Begin PBXResourcesBuildPhase section */
		EA2AC0031F458A2E004CAF71 /* Resources */ = {
			isa = PBXResourcesBuildPhase;
			buildActionMask = 2147483647;
			files = (
				EA2AC0181F458A2E004CAF71 /* LaunchScreen.storyboard in Resources */,
				EA2AC0151F458A2E004CAF71 /* Assets.xcassets in Resources */,
				EA2AC0131F458A2E004CAF71 /* Main.storyboard in Resources */,
			);
			runOnlyForDeploymentPostprocessing = 0;
		};
		EA2AC01C1F458A2E004CAF71 /* Resources */ = {
			isa = PBXResourcesBuildPhase;
			buildActionMask = 2147483647;
			files = (
			);
			runOnlyForDeploymentPostprocessing = 0;
		};
		EA2AC0271F458A2E004CAF71 /* Resources */ = {
			isa = PBXResourcesBuildPhase;
			buildActionMask = 2147483647;
			files = (
			);
			runOnlyForDeploymentPostprocessing = 0;
		};
/* End PBXResourcesBuildPhase section */

/* Begin PBXShellScriptBuildPhase section */
		2A5E32EA231B0FB56A9C90B3 /* [CP] Check Pods Manifest.lock */ = {
			isa = PBXShellScriptBuildPhase;
			buildActionMask = 2147483647;
			files = (
			);
			inputPaths = (
			);
			name = "[CP] Check Pods Manifest.lock";
			outputPaths = (
			);
			runOnlyForDeploymentPostprocessing = 0;
			shellPath = /bin/sh;
			shellScript = "diff \"${PODS_PODFILE_DIR_PATH}/Podfile.lock\" \"${PODS_ROOT}/Manifest.lock\" > /dev/null\nif [ $? != 0 ] ; then\n    # print error to STDERR\n    echo \"error: The sandbox is not in sync with the Podfile.lock. Run 'pod install' or update your CocoaPods installation.\" >&2\n    exit 1\nfi\n";
			showEnvVarsInLog = 0;
		};
		7FB359F355F6F6B326AA3C83 /* [CP] Copy Pods Resources */ = {
			isa = PBXShellScriptBuildPhase;
			buildActionMask = 2147483647;
			files = (
			);
			inputPaths = (
			);
			name = "[CP] Copy Pods Resources";
			outputPaths = (
			);
			runOnlyForDeploymentPostprocessing = 0;
			shellPath = /bin/sh;
			shellScript = "\"${SRCROOT}/Pods/Target Support Files/Pods-NetWorking/Pods-NetWorking-resources.sh\"\n";
			showEnvVarsInLog = 0;
		};
		A13ABB6161C18B2431AD1EC7 /* [CP] Embed Pods Frameworks */ = {
			isa = PBXShellScriptBuildPhase;
			buildActionMask = 2147483647;
			files = (
			);
			inputPaths = (
			);
			name = "[CP] Embed Pods Frameworks";
			outputPaths = (
			);
			runOnlyForDeploymentPostprocessing = 0;
			shellPath = /bin/sh;
			shellScript = "\"${SRCROOT}/Pods/Target Support Files/Pods-NetWorking/Pods-NetWorking-frameworks.sh\"\n";
			showEnvVarsInLog = 0;
		};
/* End PBXShellScriptBuildPhase section */

/* Begin PBXSourcesBuildPhase section */
		EA2AC0011F458A2E004CAF71 /* Sources */ = {
			isa = PBXSourcesBuildPhase;
			buildActionMask = 2147483647;
			files = (
				EA2AC0101F458A2E004CAF71 /* ViewController.m in Sources */,
				EA2AC00D1F458A2E004CAF71 /* AppDelegate.m in Sources */,
				EA2AC03D1F45A012004CAF71 /* ProgressTableViewCell.m in Sources */,
				EA2677701F46DDE6002A9EB1 /* NetWorkViewController.m in Sources */,
				EA2AC00A1F458A2E004CAF71 /* main.m in Sources */,
				EA26776A1F46CE27002A9EB1 /* DownloaderObject.m in Sources */,
				EA7692421F4AE57B00F53247 /* testViewController.m in Sources */,
				EA7692491F4AFC1D00F53247 /* FileDownloadInfo.m in Sources */,
				EA7692461F4AFB9D00F53247 /* TETViewController.m in Sources */,
				EA26776D1F46D03A002A9EB1 /* DownloadManager.m in Sources */,
			);
			runOnlyForDeploymentPostprocessing = 0;
		};
		EA2AC01A1F458A2E004CAF71 /* Sources */ = {
			isa = PBXSourcesBuildPhase;
			buildActionMask = 2147483647;
			files = (
				EA2AC0231F458A2E004CAF71 /* NetWorkingTests.m in Sources */,
			);
			runOnlyForDeploymentPostprocessing = 0;
		};
		EA2AC0251F458A2E004CAF71 /* Sources */ = {
			isa = PBXSourcesBuildPhase;
			buildActionMask = 2147483647;
			files = (
				EA2AC02E1F458A2E004CAF71 /* NetWorkingUITests.m in Sources */,
			);
			runOnlyForDeploymentPostprocessing = 0;
		};
/* End PBXSourcesBuildPhase section */

/* Begin PBXTargetDependency section */
		EA2AC0201F458A2E004CAF71 /* PBXTargetDependency */ = {
			isa = PBXTargetDependency;
			target = EA2AC0041F458A2E004CAF71 /* NetWorking */;
			targetProxy = EA2AC01F1F458A2E004CAF71 /* PBXContainerItemProxy */;
		};
		EA2AC02B1F458A2E004CAF71 /* PBXTargetDependency */ = {
			isa = PBXTargetDependency;
			target = EA2AC0041F458A2E004CAF71 /* NetWorking */;
			targetProxy = EA2AC02A1F458A2E004CAF71 /* PBXContainerItemProxy */;
		};
/* End PBXTargetDependency section */

/* Begin PBXVariantGroup section */
		EA2AC0111F458A2E004CAF71 /* Main.storyboard */ = {
			isa = PBXVariantGroup;
			children = (
				EA2AC0121F458A2E004CAF71 /* Base */,
			);
			name = Main.storyboard;
			sourceTree = "<group>";
		};
		EA2AC0161F458A2E004CAF71 /* LaunchScreen.storyboard */ = {
			isa = PBXVariantGroup;
			children = (
				EA2AC0171F458A2E004CAF71 /* Base */,
			);
			name = LaunchScreen.storyboard;
			sourceTree = "<group>";
		};
/* End PBXVariantGroup section */

/* Begin XCBuildConfiguration section */
		EA2AC0301F458A2E004CAF71 /* Debug */ = {
			isa = XCBuildConfiguration;
			buildSettings = {
				ALWAYS_SEARCH_USER_PATHS = NO;
				CLANG_ANALYZER_NONNULL = YES;
				CLANG_ANALYZER_NUMBER_OBJECT_CONVERSION = YES_AGGRESSIVE;
				CLANG_CXX_LANGUAGE_STANDARD = "gnu++0x";
				CLANG_CXX_LIBRARY = "libc++";
				CLANG_ENABLE_MODULES = YES;
				CLANG_ENABLE_OBJC_ARC = YES;
				CLANG_WARN_BOOL_CONVERSION = YES;
				CLANG_WARN_CONSTANT_CONVERSION = YES;
				CLANG_WARN_DIRECT_OBJC_ISA_USAGE = YES_ERROR;
				CLANG_WARN_DOCUMENTATION_COMMENTS = YES;
				CLANG_WARN_EMPTY_BODY = YES;
				CLANG_WARN_ENUM_CONVERSION = YES;
				CLANG_WARN_INFINITE_RECURSION = YES;
				CLANG_WARN_INT_CONVERSION = YES;
				CLANG_WARN_OBJC_ROOT_CLASS = YES_ERROR;
				CLANG_WARN_SUSPICIOUS_MOVE = YES;
				CLANG_WARN_UNREACHABLE_CODE = YES;
				CLANG_WARN__DUPLICATE_METHOD_MATCH = YES;
				"CODE_SIGN_IDENTITY[sdk=iphoneos*]" = "iPhone Developer";
				COPY_PHASE_STRIP = NO;
				DEBUG_INFORMATION_FORMAT = dwarf;
				ENABLE_STRICT_OBJC_MSGSEND = YES;
				ENABLE_TESTABILITY = YES;
				GCC_C_LANGUAGE_STANDARD = gnu99;
				GCC_DYNAMIC_NO_PIC = NO;
				GCC_NO_COMMON_BLOCKS = YES;
				GCC_OPTIMIZATION_LEVEL = 0;
				GCC_PREPROCESSOR_DEFINITIONS = (
					"DEBUG=1",
					"$(inherited)",
				);
				GCC_WARN_64_TO_32_BIT_CONVERSION = YES;
				GCC_WARN_ABOUT_RETURN_TYPE = YES_ERROR;
				GCC_WARN_UNDECLARED_SELECTOR = YES;
				GCC_WARN_UNINITIALIZED_AUTOS = YES_AGGRESSIVE;
				GCC_WARN_UNUSED_FUNCTION = YES;
				GCC_WARN_UNUSED_VARIABLE = YES;
				IPHONEOS_DEPLOYMENT_TARGET = 8.0;
				MTL_ENABLE_DEBUG_INFO = YES;
				ONLY_ACTIVE_ARCH = YES;
				SDKROOT = iphoneos;
				TARGETED_DEVICE_FAMILY = "1,2";
			};
			name = Debug;
		};
		EA2AC0311F458A2E004CAF71 /* Release */ = {
			isa = XCBuildConfiguration;
			buildSettings = {
				ALWAYS_SEARCH_USER_PATHS = NO;
				CLANG_ANALYZER_NONNULL = YES;
				CLANG_ANALYZER_NUMBER_OBJECT_CONVERSION = YES_AGGRESSIVE;
				CLANG_CXX_LANGUAGE_STANDARD = "gnu++0x";
				CLANG_CXX_LIBRARY = "libc++";
				CLANG_ENABLE_MODULES = YES;
				CLANG_ENABLE_OBJC_ARC = YES;
				CLANG_WARN_BOOL_CONVERSION = YES;
				CLANG_WARN_CONSTANT_CONVERSION = YES;
				CLANG_WARN_DIRECT_OBJC_ISA_USAGE = YES_ERROR;
				CLANG_WARN_DOCUMENTATION_COMMENTS = YES;
				CLANG_WARN_EMPTY_BODY = YES;
				CLANG_WARN_ENUM_CONVERSION = YES;
				CLANG_WARN_INFINITE_RECURSION = YES;
				CLANG_WARN_INT_CONVERSION = YES;
				CLANG_WARN_OBJC_ROOT_CLASS = YES_ERROR;
				CLANG_WARN_SUSPICIOUS_MOVE = YES;
				CLANG_WARN_UNREACHABLE_CODE = YES;
				CLANG_WARN__DUPLICATE_METHOD_MATCH = YES;
				"CODE_SIGN_IDENTITY[sdk=iphoneos*]" = "iPhone Developer";
				COPY_PHASE_STRIP = NO;
				DEBUG_INFORMATION_FORMAT = "dwarf-with-dsym";
				ENABLE_NS_ASSERTIONS = NO;
				ENABLE_STRICT_OBJC_MSGSEND = YES;
				GCC_C_LANGUAGE_STANDARD = gnu99;
				GCC_NO_COMMON_BLOCKS = YES;
				GCC_WARN_64_TO_32_BIT_CONVERSION = YES;
				GCC_WARN_ABOUT_RETURN_TYPE = YES_ERROR;
				GCC_WARN_UNDECLARED_SELECTOR = YES;
				GCC_WARN_UNINITIALIZED_AUTOS = YES_AGGRESSIVE;
				GCC_WARN_UNUSED_FUNCTION = YES;
				GCC_WARN_UNUSED_VARIABLE = YES;
				IPHONEOS_DEPLOYMENT_TARGET = 8.0;
				MTL_ENABLE_DEBUG_INFO = NO;
				SDKROOT = iphoneos;
				TARGETED_DEVICE_FAMILY = "1,2";
				VALIDATE_PRODUCT = YES;
			};
			name = Release;
		};
		EA2AC0331F458A2E004CAF71 /* Debug */ = {
			isa = XCBuildConfiguration;
			baseConfigurationReference = FB9E83464DCF7AC772E8F5EE /* Pods-NetWorking.debug.xcconfig */;
			buildSettings = {
				ASSETCATALOG_COMPILER_APPICON_NAME = AppIcon;
				DEVELOPMENT_TEAM = X2HJQ2687F;
				INFOPLIST_FILE = NetWorking/Info.plist;
				LD_RUNPATH_SEARCH_PATHS = "$(inherited) @executable_path/Frameworks";
				PRODUCT_BUNDLE_IDENTIFIER = VNG.NetWorking;
				PRODUCT_NAME = "$(TARGET_NAME)";
			};
			name = Debug;
		};
		EA2AC0341F458A2E004CAF71 /* Release */ = {
			isa = XCBuildConfiguration;
			baseConfigurationReference = 7966304135511E53292F8E21 /* Pods-NetWorking.release.xcconfig */;
			buildSettings = {
				ASSETCATALOG_COMPILER_APPICON_NAME = AppIcon;
				DEVELOPMENT_TEAM = X2HJQ2687F;
				INFOPLIST_FILE = NetWorking/Info.plist;
				LD_RUNPATH_SEARCH_PATHS = "$(inherited) @executable_path/Frameworks";
				PRODUCT_BUNDLE_IDENTIFIER = VNG.NetWorking;
				PRODUCT_NAME = "$(TARGET_NAME)";
			};
			name = Release;
		};
		EA2AC0361F458A2E004CAF71 /* Debug */ = {
			isa = XCBuildConfiguration;
			buildSettings = {
				BUNDLE_LOADER = "$(TEST_HOST)";
				INFOPLIST_FILE = NetWorkingTests/Info.plist;
				LD_RUNPATH_SEARCH_PATHS = "$(inherited) @executable_path/Frameworks @loader_path/Frameworks";
				PRODUCT_BUNDLE_IDENTIFIER = VNG.NetWorkingTests;
				PRODUCT_NAME = "$(TARGET_NAME)";
				TEST_HOST = "$(BUILT_PRODUCTS_DIR)/NetWorking.app/NetWorking";
			};
			name = Debug;
		};
		EA2AC0371F458A2E004CAF71 /* Release */ = {
			isa = XCBuildConfiguration;
			buildSettings = {
				BUNDLE_LOADER = "$(TEST_HOST)";
				INFOPLIST_FILE = NetWorkingTests/Info.plist;
				LD_RUNPATH_SEARCH_PATHS = "$(inherited) @executable_path/Frameworks @loader_path/Frameworks";
				PRODUCT_BUNDLE_IDENTIFIER = VNG.NetWorkingTests;
				PRODUCT_NAME = "$(TARGET_NAME)";
				TEST_HOST = "$(BUILT_PRODUCTS_DIR)/NetWorking.app/NetWorking";
			};
			name = Release;
		};
		EA2AC0391F458A2E004CAF71 /* Debug */ = {
			isa = XCBuildConfiguration;
			buildSettings = {
				INFOPLIST_FILE = NetWorkingUITests/Info.plist;
				LD_RUNPATH_SEARCH_PATHS = "$(inherited) @executable_path/Frameworks @loader_path/Frameworks";
				PRODUCT_BUNDLE_IDENTIFIER = VNG.NetWorkingUITests;
				PRODUCT_NAME = "$(TARGET_NAME)";
				TEST_TARGET_NAME = NetWorking;
			};
			name = Debug;
		};
		EA2AC03A1F458A2E004CAF71 /* Release */ = {
			isa = XCBuildConfiguration;
			buildSettings = {
				INFOPLIST_FILE = NetWorkingUITests/Info.plist;
				LD_RUNPATH_SEARCH_PATHS = "$(inherited) @executable_path/Frameworks @loader_path/Frameworks";
				PRODUCT_BUNDLE_IDENTIFIER = VNG.NetWorkingUITests;
				PRODUCT_NAME = "$(TARGET_NAME)";
				TEST_TARGET_NAME = NetWorking;
			};
			name = Release;
		};
/* End XCBuildConfiguration section */

/* Begin XCConfigurationList section */
		EA2AC0001F458A2E004CAF71 /* Build configuration list for PBXProject "NetWorking" */ = {
			isa = XCConfigurationList;
			buildConfigurations = (
				EA2AC0301F458A2E004CAF71 /* Debug */,
				EA2AC0311F458A2E004CAF71 /* Release */,
			);
			defaultConfigurationIsVisible = 0;
			defaultConfigurationName = Release;
		};
		EA2AC0321F458A2E004CAF71 /* Build configuration list for PBXNativeTarget "NetWorking" */ = {
			isa = XCConfigurationList;
			buildConfigurations = (
				EA2AC0331F458A2E004CAF71 /* Debug */,
				EA2AC0341F458A2E004CAF71 /* Release */,
			);
			defaultConfigurationIsVisible = 0;
			defaultConfigurationName = Release;
		};
		EA2AC0351F458A2E004CAF71 /* Build configuration list for PBXNativeTarget "NetWorkingTests" */ = {
			isa = XCConfigurationList;
			buildConfigurations = (
				EA2AC0361F458A2E004CAF71 /* Debug */,
				EA2AC0371F458A2E004CAF71 /* Release */,
			);
			defaultConfigurationIsVisible = 0;
			defaultConfigurationName = Release;
		};
		EA2AC0381F458A2E004CAF71 /* Build configuration list for PBXNativeTarget "NetWorkingUITests" */ = {
			isa = XCConfigurationList;
			buildConfigurations = (
				EA2AC0391F458A2E004CAF71 /* Debug */,
				EA2AC03A1F458A2E004CAF71 /* Release */,
			);
			defaultConfigurationIsVisible = 0;
			defaultConfigurationName = Release;
		};
/* End XCConfigurationList section */
	};
	rootObject = EA2ABFFD1F458A2E004CAF71 /* Project object */;
}
